// !$*UTF8*$!
{
	archiveVersion = 1;
	classes = {
	};
	objectVersion = 50;
	objects = {

/* Begin PBXBuildFile section */
		8C43BDD3214E06AE00B00317 /* AppDelegate.swift in Sources */ = {isa = PBXBuildFile; fileRef = 8C43BDD2214E06AE00B00317 /* AppDelegate.swift */; };
		8C43BDD5214E06AE00B00317 /* ViewController.swift in Sources */ = {isa = PBXBuildFile; fileRef = 8C43BDD4214E06AE00B00317 /* ViewController.swift */; };
		8C43BDD8214E06AE00B00317 /* Main.storyboard in Resources */ = {isa = PBXBuildFile; fileRef = 8C43BDD6214E06AE00B00317 /* Main.storyboard */; };
		8C43BDDA214E06AF00B00317 /* Assets.xcassets in Resources */ = {isa = PBXBuildFile; fileRef = 8C43BDD9214E06AF00B00317 /* Assets.xcassets */; };
		8C43BDDD214E06AF00B00317 /* LaunchScreen.storyboard in Resources */ = {isa = PBXBuildFile; fileRef = 8C43BDDB214E06AF00B00317 /* LaunchScreen.storyboard */; };
		8C43BDE8214E06AF00B00317 /* MemorablePlacesTests.swift in Sources */ = {isa = PBXBuildFile; fileRef = 8C43BDE7214E06AF00B00317 /* MemorablePlacesTests.swift */; };
		8C43BDF3214E06AF00B00317 /* MemorablePlacesUITests.swift in Sources */ = {isa = PBXBuildFile; fileRef = 8C43BDF2214E06AF00B00317 /* MemorablePlacesUITests.swift */; };
/* End PBXBuildFile section */

/* Begin PBXContainerItemProxy section */
		8C43BDE4214E06AF00B00317 /* PBXContainerItemProxy */ = {
			isa = PBXContainerItemProxy;
			containerPortal = 8C43BDC7214E06AE00B00317 /* Project object */;
			proxyType = 1;
			remoteGlobalIDString = 8C43BDCE214E06AE00B00317;
			remoteInfo = MemorablePlaces;
		};
		8C43BDEF214E06AF00B00317 /* PBXContainerItemProxy */ = {
			isa = PBXContainerItemProxy;
			containerPortal = 8C43BDC7214E06AE00B00317 /* Project object */;
			proxyType = 1;
			remoteGlobalIDString = 8C43BDCE214E06AE00B00317;
			remoteInfo = MemorablePlaces;
		};
/* End PBXContainerItemProxy section */

/* Begin PBXFileReference section */
		8C43BDCF214E06AE00B00317 /* MemorablePlaces.app */ = {isa = PBXFileReference; explicitFileType = wrapper.application; includeInIndex = 0; path = MemorablePlaces.app; sourceTree = BUILT_PRODUCTS_DIR; };
		8C43BDD2214E06AE00B00317 /* AppDelegate.swift */ = {isa = PBXFileReference; lastKnownFileType = sourcecode.swift; path = AppDelegate.swift; sourceTree = "<group>"; };
		8C43BDD4214E06AE00B00317 /* ViewController.swift */ = {isa = PBXFileReference; lastKnownFileType = sourcecode.swift; path = ViewController.swift; sourceTree = "<group>"; };
		8C43BDD7214E06AE00B00317 /* Base */ = {isa = PBXFileReference; lastKnownFileType = file.storyboard; name = Base; path = Base.lproj/Main.storyboard; sourceTree = "<group>"; };
		8C43BDD9214E06AF00B00317 /* Assets.xcassets */ = {isa = PBXFileReference; lastKnownFileType = folder.assetcatalog; path = Assets.xcassets; sourceTree = "<group>"; };
		8C43BDDC214E06AF00B00317 /* Base */ = {isa = PBXFileReference; lastKnownFileType = file.storyboard; name = Base; path = Base.lproj/LaunchScreen.storyboard; sourceTree = "<group>"; };
		8C43BDDE214E06AF00B00317 /* Info.plist */ = {isa = PBXFileReference; lastKnownFileType = text.plist.xml; path = Info.plist; sourceTree = "<group>"; };
		8C43BDE3214E06AF00B00317 /* MemorablePlacesTests.xctest */ = {isa = PBXFileReference; explicitFileType = wrapper.cfbundle; includeInIndex = 0; path = MemorablePlacesTests.xctest; sourceTree = BUILT_PRODUCTS_DIR; };
		8C43BDE7214E06AF00B00317 /* MemorablePlacesTests.swift */ = {isa = PBXFileReference; lastKnownFileType = sourcecode.swift; path = MemorablePlacesTests.swift; sourceTree = "<group>"; };
		8C43BDE9214E06AF00B00317 /* Info.plist */ = {isa = PBXFileReference; lastKnownFileType = text.plist.xml; path = Info.plist; sourceTree = "<group>"; };
		8C43BDEE214E06AF00B00317 /* MemorablePlacesUITests.xctest */ = {isa = PBXFileReference; explicitFileType = wrapper.cfbundle; includeInIndex = 0; path = MemorablePlacesUITests.xctest; sourceTree = BUILT_PRODUCTS_DIR; };
		8C43BDF2214E06AF00B00317 /* MemorablePlacesUITests.swift */ = {isa = PBXFileReference; lastKnownFileType = sourcecode.swift; path = MemorablePlacesUITests.swift; sourceTree = "<group>"; };
		8C43BDF4214E06AF00B00317 /* Info.plist */ = {isa = PBXFileReference; lastKnownFileType = text.plist.xml; path = Info.plist; sourceTree = "<group>"; };
/* End PBXFileReference section */

/* Begin PBXFrameworksBuildPhase section */
		8C43BDCC214E06AE00B00317 /* Frameworks */ = {
			isa = PBXFrameworksBuildPhase;
			buildActionMask = 2147483647;
			files = (
			);
			runOnlyForDeploymentPostprocessing = 0;
		};
		8C43BDE0214E06AF00B00317 /* Frameworks */ = {
			isa = PBXFrameworksBuildPhase;
			buildActionMask = 2147483647;
			files = (
			);
			runOnlyForDeploymentPostprocessing = 0;
		};
		8C43BDEB214E06AF00B00317 /* Frameworks */ = {
			isa = PBXFrameworksBuildPhase;
			buildActionMask = 2147483647;
			files = (
			);
			runOnlyForDeploymentPostprocessing = 0;
		};
/* End PBXFrameworksBuildPhase section */

/* Begin PBXGroup section */
		8C43BDC6214E06AE00B00317 = {
			isa = PBXGroup;
			children = (
				8C43BDD1214E06AE00B00317 /* MemorablePlaces */,
				8C43BDE6214E06AF00B00317 /* MemorablePlacesTests */,
				8C43BDF1214E06AF00B00317 /* MemorablePlacesUITests */,
				8C43BDD0214E06AE00B00317 /* Products */,
			);
			sourceTree = "<group>";
		};
		8C43BDD0214E06AE00B00317 /* Products */ = {
			isa = PBXGroup;
			children = (
				8C43BDCF214E06AE00B00317 /* MemorablePlaces.app */,
				8C43BDE3214E06AF00B00317 /* MemorablePlacesTests.xctest */,
				8C43BDEE214E06AF00B00317 /* MemorablePlacesUITests.xctest */,
			);
			name = Products;
			sourceTree = "<group>";
		};
		8C43BDD1214E06AE00B00317 /* MemorablePlaces */ = {
			isa = PBXGroup;
			children = (
				8C43BDD2214E06AE00B00317 /* AppDelegate.swift */,
				8C43BDD4214E06AE00B00317 /* ViewController.swift */,
				8C43BDD6214E06AE00B00317 /* Main.storyboard */,
				8C43BDD9214E06AF00B00317 /* Assets.xcassets */,
				8C43BDDB214E06AF00B00317 /* LaunchScreen.storyboard */,
				8C43BDDE214E06AF00B00317 /* Info.plist */,
			);
			path = MemorablePlaces;
			sourceTree = "<group>";
		};
		8C43BDE6214E06AF00B00317 /* MemorablePlacesTests */ = {
			isa = PBXGroup;
			children = (
				8C43BDE7214E06AF00B00317 /* MemorablePlacesTests.swift */,
				8C43BDE9214E06AF00B00317 /* Info.plist */,
			);
			path = MemorablePlacesTests;
			sourceTree = "<group>";
		};
		8C43BDF1214E06AF00B00317 /* MemorablePlacesUITests */ = {
			isa = PBXGroup;
			children = (
				8C43BDF2214E06AF00B00317 /* MemorablePlacesUITests.swift */,
				8C43BDF4214E06AF00B00317 /* Info.plist */,
			);
			path = MemorablePlacesUITests;
			sourceTree = "<group>";
		};
/* End PBXGroup section */

/* Begin PBXNativeTarget section */
		8C43BDCE214E06AE00B00317 /* MemorablePlaces */ = {
			isa = PBXNativeTarget;
			buildConfigurationList = 8C43BDF7214E06AF00B00317 /* Build configuration list for PBXNativeTarget "MemorablePlaces" */;
			buildPhases = (
				8C43BDCB214E06AE00B00317 /* Sources */,
				8C43BDCC214E06AE00B00317 /* Frameworks */,
				8C43BDCD214E06AE00B00317 /* Resources */,
			);
			buildRules = (
			);
			dependencies = (
			);
			name = MemorablePlaces;
			productName = MemorablePlaces;
			productReference = 8C43BDCF214E06AE00B00317 /* MemorablePlaces.app */;
			productType = "com.apple.product-type.application";
		};
		8C43BDE2214E06AF00B00317 /* MemorablePlacesTests */ = {
			isa = PBXNativeTarget;
			buildConfigurationList = 8C43BDFA214E06AF00B00317 /* Build configuration list for PBXNativeTarget "MemorablePlacesTests" */;
			buildPhases = (
				8C43BDDF214E06AF00B00317 /* Sources */,
				8C43BDE0214E06AF00B00317 /* Frameworks */,
				8C43BDE1214E06AF00B00317 /* Resources */,
			);
			buildRules = (
			);
			dependencies = (
				8C43BDE5214E06AF00B00317 /* PBXTargetDependency */,
			);
			name = MemorablePlacesTests;
			productName = MemorablePlacesTests;
			productReference = 8C43BDE3214E06AF00B00317 /* MemorablePlacesTests.xctest */;
			productType = "com.apple.product-type.bundle.unit-test";
		};
		8C43BDED214E06AF00B00317 /* MemorablePlacesUITests */ = {
			isa = PBXNativeTarget;
			buildConfigurationList = 8C43BDFD214E06AF00B00317 /* Build configuration list for PBXNativeTarget "MemorablePlacesUITests" */;
			buildPhases = (
				8C43BDEA214E06AF00B00317 /* Sources */,
				8C43BDEB214E06AF00B00317 /* Frameworks */,
				8C43BDEC214E06AF00B00317 /* Resources */,
			);
			buildRules = (
			);
			dependencies = (
				8C43BDF0214E06AF00B00317 /* PBXTargetDependency */,
			);
			name = MemorablePlacesUITests;
			productName = MemorablePlacesUITests;
			productReference = 8C43BDEE214E06AF00B00317 /* MemorablePlacesUITests.xctest */;
			productType = "com.apple.product-type.bundle.ui-testing";
		};
/* End PBXNativeTarget section */

/* Begin PBXProject section */
		8C43BDC7214E06AE00B00317 /* Project object */ = {
			isa = PBXProject;
			attributes = {
				LastSwiftUpdateCheck = 1000;
				LastUpgradeCheck = 1000;
				ORGANIZATIONNAME = "Charles Martin Reed";
				TargetAttributes = {
					8C43BDCE214E06AE00B00317 = {
						CreatedOnToolsVersion = 10.0;
					};
					8C43BDE2214E06AF00B00317 = {
						CreatedOnToolsVersion = 10.0;
						TestTargetID = 8C43BDCE214E06AE00B00317;
					};
					8C43BDED214E06AF00B00317 = {
						CreatedOnToolsVersion = 10.0;
						TestTargetID = 8C43BDCE214E06AE00B00317;
					};
				};
			};
			buildConfigurationList = 8C43BDCA214E06AE00B00317 /* Build configuration list for PBXProject "MemorablePlaces" */;
			compatibilityVersion = "Xcode 9.3";
			developmentRegion = en;
			hasScannedForEncodings = 0;
			knownRegions = (
				en,
				Base,
			);
			mainGroup = 8C43BDC6214E06AE00B00317;
			productRefGroup = 8C43BDD0214E06AE00B00317 /* Products */;
			projectDirPath = "";
			projectRoot = "";
			targets = (
				8C43BDCE214E06AE00B00317 /* MemorablePlaces */,
				8C43BDE2214E06AF00B00317 /* MemorablePlacesTests */,
				8C43BDED214E06AF00B00317 /* MemorablePlacesUITests */,
			);
		};
/* End PBXProject section */

/* Begin PBXResourcesBuildPhase section */
		8C43BDCD214E06AE00B00317 /* Resources */ = {
			isa = PBXResourcesBuildPhase;
			buildActionMask = 2147483647;
			files = (
				8C43BDDD214E06AF00B00317 /* LaunchScreen.storyboard in Resources */,
				8C43BDDA214E06AF00B00317 /* Assets.xcassets in Resources */,
				8C43BDD8214E06AE00B00317 /* Main.storyboard in Resources */,
			);
			runOnlyForDeploymentPostprocessing = 0;
		};
		8C43BDE1214E06AF00B00317 /* Resources */ = {
			isa = PBXResourcesBuildPhase;
			buildActionMask = 2147483647;
			files = (
			);
			runOnlyForDeploymentPostprocessing = 0;
		};
		8C43BDEC214E06AF00B00317 /* Resources */ = {
			isa = PBXResourcesBuildPhase;
			buildActionMask = 2147483647;
			files = (
			);
			runOnlyForDeploymentPostprocessing = 0;
		};
/* End PBXResourcesBuildPhase section */

/* Begin PBXSourcesBuildPhase section */
		8C43BDCB214E06AE00B00317 /* Sources */ = {
			isa = PBXSourcesBuildPhase;
			buildActionMask = 2147483647;
			files = (
				8C43BDD5214E06AE00B00317 /* ViewController.swift in Sources */,
				8C43BDD3214E06AE00B00317 /* AppDelegate.swift in Sources */,
			);
			runOnlyForDeploymentPostprocessing = 0;
		};
		8C43BDDF214E06AF00B00317 /* Sources */ = {
			isa = PBXSourcesBuildPhase;
			buildActionMask = 2147483647;
			files = (
				8C43BDE8214E06AF00B00317 /* MemorablePlacesTests.swift in Sources */,
			);
			runOnlyForDeploymentPostprocessing = 0;
		};
		8C43BDEA214E06AF00B00317 /* Sources */ = {
			isa = PBXSourcesBuildPhase;
			buildActionMask = 2147483647;
			files = (
				8C43BDF3214E06AF00B00317 /* MemorablePlacesUITests.swift in Sources */,
			);
			runOnlyForDeploymentPostprocessing = 0;
		};
/* End PBXSourcesBuildPhase section */

/* Begin PBXTargetDependency section */
		8C43BDE5214E06AF00B00317 /* PBXTargetDependency */ = {
			isa = PBXTargetDependency;
			target = 8C43BDCE214E06AE00B00317 /* MemorablePlaces */;
			targetProxy = 8C43BDE4214E06AF00B00317 /* PBXContainerItemProxy */;
		};
		8C43BDF0214E06AF00B00317 /* PBXTargetDependency */ = {
			isa = PBXTargetDependency;
			target = 8C43BDCE214E06AE00B00317 /* MemorablePlaces */;
			targetProxy = 8C43BDEF214E06AF00B00317 /* PBXContainerItemProxy */;
		};
/* End PBXTargetDependency section */

/* Begin PBXVariantGroup section */
		8C43BDD6214E06AE00B00317 /* Main.storyboard */ = {
			isa = PBXVariantGroup;
			children = (
				8C43BDD7214E06AE00B00317 /* Base */,
			);
			name = Main.storyboard;
			sourceTree = "<group>";
		};
		8C43BDDB214E06AF00B00317 /* LaunchScreen.storyboard */ = {
			isa = PBXVariantGroup;
			children = (
				8C43BDDC214E06AF00B00317 /* Base */,
			);
			name = LaunchScreen.storyboard;
			sourceTree = "<group>";
		};
/* End PBXVariantGroup section */

/* Begin XCBuildConfiguration section */
		8C43BDF5214E06AF00B00317 /* Debug */ = {
			isa = XCBuildConfiguration;
			buildSettings = {
				ALWAYS_SEARCH_USER_PATHS = NO;
				CLANG_ANALYZER_NONNULL = YES;
				CLANG_ANALYZER_NUMBER_OBJECT_CONVERSION = YES_AGGRESSIVE;
				CLANG_CXX_LANGUAGE_STANDARD = "gnu++14";
				CLANG_CXX_LIBRARY = "libc++";
				CLANG_ENABLE_MODULES = YES;
				CLANG_ENABLE_OBJC_ARC = YES;
				CLANG_ENABLE_OBJC_WEAK = YES;
				CLANG_WARN_BLOCK_CAPTURE_AUTORELEASING = YES;
				CLANG_WARN_BOOL_CONVERSION = YES;
				CLANG_WARN_COMMA = YES;
				CLANG_WARN_CONSTANT_CONVERSION = YES;
				CLANG_WARN_DEPRECATED_OBJC_IMPLEMENTATIONS = YES;
				CLANG_WARN_DIRECT_OBJC_ISA_USAGE = YES_ERROR;
				CLANG_WARN_DOCUMENTATION_COMMENTS = YES;
				CLANG_WARN_EMPTY_BODY = YES;
				CLANG_WARN_ENUM_CONVERSION = YES;
				CLANG_WARN_INFINITE_RECURSION = YES;
				CLANG_WARN_INT_CONVERSION = YES;
				CLANG_WARN_NON_LITERAL_NULL_CONVERSION = YES;
				CLANG_WARN_OBJC_IMPLICIT_RETAIN_SELF = YES;
				CLANG_WARN_OBJC_LITERAL_CONVERSION = YES;
				CLANG_WARN_OBJC_ROOT_CLASS = YES_ERROR;
				CLANG_WARN_RANGE_LOOP_ANALYSIS = YES;
				CLANG_WARN_STRICT_PROTOTYPES = YES;
				CLANG_WARN_SUSPICIOUS_MOVE = YES;
				CLANG_WARN_UNGUARDED_AVAILABILITY = YES_AGGRESSIVE;
				CLANG_WARN_UNREACHABLE_CODE = YES;
				CLANG_WARN__DUPLICATE_METHOD_MATCH = YES;
				CODE_SIGN_IDENTITY = "iPhone Developer";
				COPY_PHASE_STRIP = NO;
				DEBUG_INFORMATION_FORMAT = dwarf;
				ENABLE_STRICT_OBJC_MSGSEND = YES;
				ENABLE_TESTABILITY = YES;
				GCC_C_LANGUAGE_STANDARD = gnu11;
				GCC_DYNAMIC_NO_PIC = NO;
				GCC_NO_COMMON_BLOCKS = YES;
				GCC_OPTIMIZATION_LEVEL = 0;
				GCC_PREPROCESSOR_DEFINITIONS = (
					"DEBUG=1",
					"$(inherited)",
				);
				GCC_WARN_64_TO_32_BIT_CONVERSION = YES;
				GCC_WARN_ABOUT_RETURN_TYPE = YES_ERROR;
				GCC_WARN_UNDECLARED_SELECTOR = YES;
				GCC_WARN_UNINITIALIZED_AUTOS = YES_AGGRESSIVE;
				GCC_WARN_UNUSED_FUNCTION = YES;
				GCC_WARN_UNUSED_VARIABLE = YES;
				IPHONEOS_DEPLOYMENT_TARGET = 12.0;
				MTL_ENABLE_DEBUG_INFO = INCLUDE_SOURCE;
				MTL_FAST_MATH = YES;
				ONLY_ACTIVE_ARCH = YES;
				SDKROOT = iphoneos;
				SWIFT_ACTIVE_COMPILATION_CONDITIONS = DEBUG;
				SWIFT_OPTIMIZATION_LEVEL = "-Onone";
			};
			name = Debug;
		};
		8C43BDF6214E06AF00B00317 /* Release */ = {
			isa = XCBuildConfiguration;
			buildSettings = {
				ALWAYS_SEARCH_USER_PATHS = NO;
				CLANG_ANALYZER_NONNULL = YES;
				CLANG_ANALYZER_NUMBER_OBJECT_CONVERSION = YES_AGGRESSIVE;
				CLANG_CXX_LANGUAGE_STANDARD = "gnu++14";
				CLANG_CXX_LIBRARY = "libc++";
				CLANG_ENABLE_MODULES = YES;
				CLANG_ENABLE_OBJC_ARC = YES;
				CLANG_ENABLE_OBJC_WEAK = YES;
				CLANG_WARN_BLOCK_CAPTURE_AUTORELEASING = YES;
				CLANG_WARN_BOOL_CONVERSION = YES;
				CLANG_WARN_COMMA = YES;
				CLANG_WARN_CONSTANT_CONVERSION = YES;
				CLANG_WARN_DEPRECATED_OBJC_IMPLEMENTATIONS = YES;
				CLANG_WARN_DIRECT_OBJC_ISA_USAGE = YES_ERROR;
				CLANG_WARN_DOCUMENTATION_COMMENTS = YES;
				CLANG_WARN_EMPTY_BODY = YES;
				CLANG_WARN_ENUM_CONVERSION = YES;
				CLANG_WARN_INFINITE_RECURSION = YES;
				CLANG_WARN_INT_CONVERSION = YES;
				CLANG_WARN_NON_LITERAL_NULL_CONVERSION = YES;
				CLANG_WARN_OBJC_IMPLICIT_RETAIN_SELF = YES;
				CLANG_WARN_OBJC_LITERAL_CONVERSION = YES;
				CLANG_WARN_OBJC_ROOT_CLASS = YES_ERROR;
				CLANG_WARN_RANGE_LOOP_ANALYSIS = YES;
				CLANG_WARN_STRICT_PROTOTYPES = YES;
				CLANG_WARN_SUSPICIOUS_MOVE = YES;
				CLANG_WARN_UNGUARDED_AVAILABILITY = YES_AGGRESSIVE;
				CLANG_WARN_UNREACHABLE_CODE = YES;
				CLANG_WARN__DUPLICATE_METHOD_MATCH = YES;
				CODE_SIGN_IDENTITY = "iPhone Developer";
				COPY_PHASE_STRIP = NO;
				DEBUG_INFORMATION_FORMAT = "dwarf-with-dsym";
				ENABLE_NS_ASSERTIONS = NO;
				ENABLE_STRICT_OBJC_MSGSEND = YES;
				GCC_C_LANGUAGE_STANDARD = gnu11;
				GCC_NO_COMMON_BLOCKS = YES;
				GCC_WARN_64_TO_32_BIT_CONVERSION = YES;
				GCC_WARN_ABOUT_RETURN_TYPE = YES_ERROR;
				GCC_WARN_UNDECLARED_SELECTOR = YES;
				GCC_WARN_UNINITIALIZED_AUTOS = YES_AGGRESSIVE;
				GCC_WARN_UNUSED_FUNCTION = YES;
				GCC_WARN_UNUSED_VARIABLE = YES;
				IPHONEOS_DEPLOYMENT_TARGET = 12.0;
				MTL_ENABLE_DEBUG_INFO = NO;
				MTL_FAST_MATH = YES;
				SDKROOT = iphoneos;
				SWIFT_COMPILATION_MODE = wholemodule;
				SWIFT_OPTIMIZATION_LEVEL = "-O";
				VALIDATE_PRODUCT = YES;
			};
			name = Release;
		};
		8C43BDF8214E06AF00B00317 /* Debug */ = {
			isa = XCBuildConfiguration;
			buildSettings = {
				ASSETCATALOG_COMPILER_APPICON_NAME = AppIcon;
				CODE_SIGN_STYLE = Automatic;
				INFOPLIST_FILE = MemorablePlaces/Info.plist;
				LD_RUNPATH_SEARCH_PATHS = (
					"$(inherited)",
					"@executable_path/Frameworks",
				);
				PRODUCT_BUNDLE_IDENTIFIER = com.charlesmartinreed.MemorablePlaces;
				PRODUCT_NAME = "$(TARGET_NAME)";
				SWIFT_VERSION = 4.2;
				TARGETED_DEVICE_FAMILY = "1,2";
			};
			name = Debug;
		};
		8C43BDF9214E06AF00B00317 /* Release */ = {
			isa = XCBuildConfiguration;
			buildSettings = {
				ASSETCATALOG_COMPILER_APPICON_NAME = AppIcon;
				CODE_SIGN_STYLE = Automatic;
				INFOPLIST_FILE = MemorablePlaces/Info.plist;
				LD_RUNPATH_SEARCH_PATHS = (
					"$(inherited)",
					"@executable_path/Frameworks",
				);
				PRODUCT_BUNDLE_IDENTIFIER = com.charlesmartinreed.MemorablePlaces;
				PRODUCT_NAME = "$(TARGET_NAME)";
				SWIFT_VERSION = 4.2;
				TARGETED_DEVICE_FAMILY = "1,2";
			};
			name = Release;
		};
		8C43BDFB214E06AF00B00317 /* Debug */ = {
			isa = XCBuildConfiguration;
			buildSettings = {
				ALWAYS_EMBED_SWIFT_STANDARD_LIBRARIES = YES;
				BUNDLE_LOADER = "$(TEST_HOST)";
				CODE_SIGN_STYLE = Automatic;
				INFOPLIST_FILE = MemorablePlacesTests/Info.plist;
				LD_RUNPATH_SEARCH_PATHS = (
					"$(inherited)",
					"@executable_path/Frameworks",
					"@loader_path/Frameworks",
				);
				PRODUCT_BUNDLE_IDENTIFIER = com.charlesmartinreed.MemorablePlacesTests;
				PRODUCT_NAME = "$(TARGET_NAME)";
				SWIFT_VERSION = 4.2;
				TARGETED_DEVICE_FAMILY = "1,2";
				TEST_HOST = "$(BUILT_PRODUCTS_DIR)/MemorablePlaces.app/MemorablePlaces";
			};
			name = Debug;
		};
		8C43BDFC214E06AF00B00317 /* Release */ = {
			isa = XCBuildConfiguration;
			buildSettings = {
				ALWAYS_EMBED_SWIFT_STANDARD_LIBRARIES = YES;
				BUNDLE_LOADER = "$(TEST_HOST)";
				CODE_SIGN_STYLE = Automatic;
				INFOPLIST_FILE = MemorablePlacesTests/Info.plist;
				LD_RUNPATH_SEARCH_PATHS = (
					"$(inherited)",
					"@executable_path/Frameworks",
					"@loader_path/Frameworks",
				);
				PRODUCT_BUNDLE_IDENTIFIER = com.charlesmartinreed.MemorablePlacesTests;
				PRODUCT_NAME = "$(TARGET_NAME)";
				SWIFT_VERSION = 4.2;
				TARGETED_DEVICE_FAMILY = "1,2";
				TEST_HOST = "$(BUILT_PRODUCTS_DIR)/MemorablePlaces.app/MemorablePlaces";
			};
			name = Release;
		};
		8C43BDFE214E06AF00B00317 /* Debug */ = {
			isa = XCBuildConfiguration;
			buildSettings = {
				ALWAYS_EMBED_SWIFT_STANDARD_LIBRARIES = YES;
				CODE_SIGN_STYLE = Automatic;
				INFOPLIST_FILE = MemorablePlacesUITests/Info.plist;
				LD_RUNPATH_SEARCH_PATHS = (
					"$(inherited)",
					"@executable_path/Frameworks",
					"@loader_path/Frameworks",
				);
				PRODUCT_BUNDLE_IDENTIFIER = com.charlesmartinreed.MemorablePlacesUITests;
				PRODUCT_NAME = "$(TARGET_NAME)";
				SWIFT_VERSION = 4.2;
				TARGETED_DEVICE_FAMILY = "1,2";
				TEST_TARGET_NAME = MemorablePlaces;
			};
			name = Debug;
		};
		8C43BDFF214E06AF00B00317 /* Release */ = {
			isa = XCBuildConfiguration;
			buildSettings = {
				ALWAYS_EMBED_SWIFT_STANDARD_LIBRARIES = YES;
				CODE_SIGN_STYLE = Automatic;
				INFOPLIST_FILE = MemorablePlacesUITests/Info.plist;
				LD_RUNPATH_SEARCH_PATHS = (
					"$(inherited)",
					"@executable_path/Frameworks",
					"@loader_path/Frameworks",
				);
				PRODUCT_BUNDLE_IDENTIFIER = com.charlesmartinreed.MemorablePlacesUITests;
				PRODUCT_NAME = "$(TARGET_NAME)";
				SWIFT_VERSION = 4.2;
				TARGETED_DEVICE_FAMILY = "1,2";
				TEST_TARGET_NAME = MemorablePlaces;
			};
			name = Release;
		};
/* End XCBuildConfiguration section */

/* Begin XCConfigurationList section */
		8C43BDCA214E06AE00B00317 /* Build configuration list for PBXProject "MemorablePlaces" */ = {
			isa = XCConfigurationList;
			buildConfigurations = (
				8C43BDF5214E06AF00B00317 /* Debug */,
				8C43BDF6214E06AF00B00317 /* Release */,
			);
			defaultConfigurationIsVisible = 0;
			defaultConfigurationName = Release;
		};
		8C43BDF7214E06AF00B00317 /* Build configuration list for PBXNativeTarget "MemorablePlaces" */ = {
			isa = XCConfigurationList;
			buildConfigurations = (
				8C43BDF8214E06AF00B00317 /* Debug */,
				8C43BDF9214E06AF00B00317 /* Release */,
			);
			defaultConfigurationIsVisible = 0;
			defaultConfigurationName = Release;
		};
		8C43BDFA214E06AF00B00317 /* Build configuration list for PBXNativeTarget "MemorablePlacesTests" */ = {
			isa = XCConfigurationList;
			buildConfigurations = (
				8C43BDFB214E06AF00B00317 /* Debug */,
				8C43BDFC214E06AF00B00317 /* Release */,
			);
			defaultConfigurationIsVisible = 0;
			defaultConfigurationName = Release;
		};
		8C43BDFD214E06AF00B00317 /* Build configuration list for PBXNativeTarget "MemorablePlacesUITests" */ = {
			isa = XCConfigurationList;
			buildConfigurations = (
				8C43BDFE214E06AF00B00317 /* Debug */,
				8C43BDFF214E06AF00B00317 /* Release */,
			);
			defaultConfigurationIsVisible = 0;
			defaultConfigurationName = Release;
		};
/* End XCConfigurationList section */
	};
	rootObject = 8C43BDC7214E06AE00B00317 /* Project object */;
}
